// !$*UTF8*$!
{
	archiveVersion = 1;
	classes = {
	};
	objectVersion = 46;
	objects = {

/* Begin PBXBuildFile section */
		0C0430FF2708843E0062DF73 /* Element.swift in Sources */ = {isa = PBXBuildFile; fileRef = 0C0430FE2708843E0062DF73 /* Element.swift */; };
		0C043101270885B40062DF73 /* NumInt.swift in Sources */ = {isa = PBXBuildFile; fileRef = 0C043100270885B40062DF73 /* NumInt.swift */; };
		0C09653D270F110900CDA62E /* ElementArr.swift in Sources */ = {isa = PBXBuildFile; fileRef = 0C09653C270F110900CDA62E /* ElementArr.swift */; };
		0C0D71DE2753AAF300A8C2D9 /* Step_6_comm.swift in Sources */ = {isa = PBXBuildFile; fileRef = 0C0D71DD2753AAF300A8C2D9 /* Step_6_comm.swift */; };
		0C1345CD2755223D0061AB8F /* Step_7_mult.swift in Sources */ = {isa = PBXBuildFile; fileRef = 0C1345CC2755223D0061AB8F /* Step_7_mult.swift */; };
		0C1D58EE274E88A200950198 /* ShiftHH+x00.swift in Sources */ = {isa = PBXBuildFile; fileRef = 0C1D58ED274E88A200950198 /* ShiftHH+x00.swift */; };
		0C25E979273FF34B003CC210 /* Step_3_rk.swift in Sources */ = {isa = PBXBuildFile; fileRef = 0C25E978273FF34B003CC210 /* Step_3_rk.swift */; };
		0C2DA183274FC67E00955614 /* ShiftHH+u0.swift in Sources */ = {isa = PBXBuildFile; fileRef = 0C2DA182274FC67E00955614 /* ShiftHH+u0.swift */; };
		0C300DFF2711C07E008F3570 /* Tenzor.swift in Sources */ = {isa = PBXBuildFile; fileRef = 0C300DFE2711C07E008F3570 /* Tenzor.swift */; };
		0C300E012711C1DA008F3570 /* Comb.swift in Sources */ = {isa = PBXBuildFile; fileRef = 0C300E002711C1DA008F3570 /* Comb.swift */; };
		0C4431732758F3150071AB41 /* ShiftHH+x0.swift in Sources */ = {isa = PBXBuildFile; fileRef = 0C4431722758F3150071AB41 /* ShiftHH+x0.swift */; };
		0C473612272F1359005C113E /* Step_1_diff.swift in Sources */ = {isa = PBXBuildFile; fileRef = 0C473611272F1359005C113E /* Step_1_diff.swift */; };
		0C538FF9270495B000FB8DA8 /* OutputFile.swift in Sources */ = {isa = PBXBuildFile; fileRef = 0C538FF8270495B000FB8DA8 /* OutputFile.swift */; };
		0C56C8E9274BBF5000BE334D /* ShiftHH+c00.swift in Sources */ = {isa = PBXBuildFile; fileRef = 0C56C8E8274BBF5000BE334D /* ShiftHH+c00.swift */; };
		0C60C92A1E34F78400F285AC /* RunCase.swift in Sources */ = {isa = PBXBuildFile; fileRef = 0C60C9291E34F78400F285AC /* RunCase.swift */; };
		0C64F15F1CB93E3A00495383 /* PathAlg.swift in Sources */ = {isa = PBXBuildFile; fileRef = 0C64F15E1CB93E3A00495383 /* PathAlg.swift */; };
		0C68074C2757A8F0006B2AD3 /* GensByDeg.swift in Sources */ = {isa = PBXBuildFile; fileRef = 0C68074B2757A8F0006B2AD3 /* GensByDeg.swift */; };
		0C68074E2757A979006B2AD3 /* Relations.swift in Sources */ = {isa = PBXBuildFile; fileRef = 0C68074D2757A979006B2AD3 /* Relations.swift */; };
		0C6807502757BD01006B2AD3 /* GenElement.swift in Sources */ = {isa = PBXBuildFile; fileRef = 0C68074F2757BD01006B2AD3 /* GenElement.swift */; };
		0C78644D272EF1210006C212 /* BimodQ.swift in Sources */ = {isa = PBXBuildFile; fileRef = 0C78644C272EF1210006C212 /* BimodQ.swift */; };
		0C7E5DFB1AF3D9F7003A425A /* Icon.icns in Resources */ = {isa = PBXBuildFile; fileRef = 0C7E5DC71AF3D9F7003A425A /* Icon.icns */; };
		0C7E5E141AF3DA62003A425A /* Cocoa.framework in Frameworks */ = {isa = PBXBuildFile; fileRef = 0C7E5E131AF3DA62003A425A /* Cocoa.framework */; };
		0C9FD965273D3D5B00520F26 /* Step_4_gen.swift in Sources */ = {isa = PBXBuildFile; fileRef = 0C9FD964273D3D5B00520F26 /* Step_4_gen.swift */; };
		0C9FD967273D3EF800520F26 /* Gen.swift in Sources */ = {isa = PBXBuildFile; fileRef = 0C9FD966273D3EF800520F26 /* Gen.swift */; };
		0C9FD969273D408D00520F26 /* GenCreate.swift in Sources */ = {isa = PBXBuildFile; fileRef = 0C9FD968273D408D00520F26 /* GenCreate.swift */; };
		0CBA8B84271C86CC00D3EC32 /* PMatrix.swift in Sources */ = {isa = PBXBuildFile; fileRef = 0CBA8B83271C86CC00D3EC32 /* PMatrix.swift */; };
		0CBB0E281CC595B9007DC5F5 /* Way.swift in Sources */ = {isa = PBXBuildFile; fileRef = 0CBB0E271CC595B9007DC5F5 /* Way.swift */; };
		0CC4916522BE2FD000AA5AF7 /* Step_0_check_alg.swift in Sources */ = {isa = PBXBuildFile; fileRef = 0CC4916422BE2FD000AA5AF7 /* Step_0_check_alg.swift */; };
		0CCC4E2427394FD3004B90D3 /* Dim.swift in Sources */ = {isa = PBXBuildFile; fileRef = 0CCC4E2327394FD3004B90D3 /* Dim.swift */; };
		0CD46B232737FF0300329D2F /* Step_2_im.swift in Sources */ = {isa = PBXBuildFile; fileRef = 0CD46B222737FF0300329D2F /* Step_2_im.swift */; };
		0CD46B25273800D600329D2F /* ImMatrix.swift in Sources */ = {isa = PBXBuildFile; fileRef = 0CD46B24273800D600329D2F /* ImMatrix.swift */; };
		0CD8969B27259AC100354CFE /* KoefIntMatrix.swift in Sources */ = {isa = PBXBuildFile; fileRef = 0CD8969A27259AC100354CFE /* KoefIntMatrix.swift */; };
		0CD8969D27259C6400354CFE /* Utils.swift in Sources */ = {isa = PBXBuildFile; fileRef = 0CD8969C27259C6400354CFE /* Utils.swift */; };
		0CD8A32E1E91BA6A00C1C32C /* AppDelegate.swift in Sources */ = {isa = PBXBuildFile; fileRef = 0CD8A32D1E91BA6A00C1C32C /* AppDelegate.swift */; };
		0CDC7BB227204380007CDA12 /* CheckDiff.swift in Sources */ = {isa = PBXBuildFile; fileRef = 0CDC7BB127204380007CDA12 /* CheckDiff.swift */; };
		0CDE65312709DCC500690C25 /* PElements.swift in Sources */ = {isa = PBXBuildFile; fileRef = 0CDE65302709DCC500690C25 /* PElements.swift */; };
		0CE0DCF627526B5700AF7345 /* ShiftHH+e0.swift in Sources */ = {isa = PBXBuildFile; fileRef = 0CE0DCF527526B5700AF7345 /* ShiftHH+e0.swift */; };
		0CE39F09274D156B00FDA14C /* ShiftHH+w00.swift in Sources */ = {isa = PBXBuildFile; fileRef = 0CE39F08274D156B00FDA14C /* ShiftHH+w00.swift */; };
		0CE39F0B274D319900FDA14C /* Shift+z1.swift in Sources */ = {isa = PBXBuildFile; fileRef = 0CE39F0A274D319900FDA14C /* Shift+z1.swift */; };
		0CE3A0E8276118040067E8F7 /* Step_8_tex.swift in Sources */ = {isa = PBXBuildFile; fileRef = 0CE3A0E7276118040067E8F7 /* Step_8_tex.swift */; };
		0CE3A0EA27611FF60067E8F7 /* RelationsTex.swift in Sources */ = {isa = PBXBuildFile; fileRef = 0CE3A0E927611FF60067E8F7 /* RelationsTex.swift */; };
		0CE5608A2743D7A500731394 /* Step_5_shift.swift in Sources */ = {isa = PBXBuildFile; fileRef = 0CE560892743D7A500731394 /* Step_5_shift.swift */; };
		0CE5608F2743D8D900731394 /* ShiftHH.swift in Sources */ = {isa = PBXBuildFile; fileRef = 0CE5608E2743D8D900731394 /* ShiftHH.swift */; };
		0CED162F2719A74200DD7385 /* CombArr.swift in Sources */ = {isa = PBXBuildFile; fileRef = 0CED162E2719A74200DD7385 /* CombArr.swift */; };
		0CF5232A271707540059CC1A /* Diff.swift in Sources */ = {isa = PBXBuildFile; fileRef = 0CF52328271707540059CC1A /* Diff.swift */; };
		0CF5232B271707540059CC1A /* Matrix.swift in Sources */ = {isa = PBXBuildFile; fileRef = 0CF52329271707540059CC1A /* Matrix.swift */; };
		0CF5232D2717084D0059CC1A /* PrintUtils.swift in Sources */ = {isa = PBXBuildFile; fileRef = 0CF5232C2717084D0059CC1A /* PrintUtils.swift */; };
		0CF8657827593E2000B83A05 /* ShiftHH+q.swift in Sources */ = {isa = PBXBuildFile; fileRef = 0CF8657727593E2000B83A05 /* ShiftHH+q.swift */; };
/* End PBXBuildFile section */

/* Begin PBXFileReference section */
		0C0430FE2708843E0062DF73 /* Element.swift */ = {isa = PBXFileReference; lastKnownFileType = sourcecode.swift; path = Element.swift; sourceTree = "<group>"; };
		0C043100270885B40062DF73 /* NumInt.swift */ = {isa = PBXFileReference; lastKnownFileType = sourcecode.swift; path = NumInt.swift; sourceTree = "<group>"; };
		0C09653C270F110900CDA62E /* ElementArr.swift */ = {isa = PBXFileReference; lastKnownFileType = sourcecode.swift; path = ElementArr.swift; sourceTree = "<group>"; };
		0C0D71DD2753AAF300A8C2D9 /* Step_6_comm.swift */ = {isa = PBXFileReference; lastKnownFileType = sourcecode.swift; path = Step_6_comm.swift; sourceTree = "<group>"; };
		0C1345CC2755223D0061AB8F /* Step_7_mult.swift */ = {isa = PBXFileReference; lastKnownFileType = sourcecode.swift; path = Step_7_mult.swift; sourceTree = "<group>"; };
		0C1D58ED274E88A200950198 /* ShiftHH+x00.swift */ = {isa = PBXFileReference; lastKnownFileType = sourcecode.swift; path = "ShiftHH+x00.swift"; sourceTree = "<group>"; };
		0C25E978273FF34B003CC210 /* Step_3_rk.swift */ = {isa = PBXFileReference; lastKnownFileType = sourcecode.swift; path = Step_3_rk.swift; sourceTree = "<group>"; };
		0C2DA182274FC67E00955614 /* ShiftHH+u0.swift */ = {isa = PBXFileReference; lastKnownFileType = sourcecode.swift; path = "ShiftHH+u0.swift"; sourceTree = "<group>"; };
		0C300DFE2711C07E008F3570 /* Tenzor.swift */ = {isa = PBXFileReference; fileEncoding = 4; lastKnownFileType = sourcecode.swift; path = Tenzor.swift; sourceTree = "<group>"; };
		0C300E002711C1DA008F3570 /* Comb.swift */ = {isa = PBXFileReference; fileEncoding = 4; lastKnownFileType = sourcecode.swift; path = Comb.swift; sourceTree = "<group>"; };
		0C4431722758F3150071AB41 /* ShiftHH+x0.swift */ = {isa = PBXFileReference; lastKnownFileType = sourcecode.swift; path = "ShiftHH+x0.swift"; sourceTree = "<group>"; };
		0C473611272F1359005C113E /* Step_1_diff.swift */ = {isa = PBXFileReference; lastKnownFileType = sourcecode.swift; path = Step_1_diff.swift; sourceTree = "<group>"; };
		0C538FF8270495B000FB8DA8 /* OutputFile.swift */ = {isa = PBXFileReference; fileEncoding = 4; lastKnownFileType = sourcecode.swift; path = OutputFile.swift; sourceTree = "<group>"; };
		0C56C8E8274BBF5000BE334D /* ShiftHH+c00.swift */ = {isa = PBXFileReference; lastKnownFileType = sourcecode.swift; path = "ShiftHH+c00.swift"; sourceTree = "<group>"; };
		0C60C9291E34F78400F285AC /* RunCase.swift */ = {isa = PBXFileReference; fileEncoding = 4; lastKnownFileType = sourcecode.swift; path = RunCase.swift; sourceTree = "<group>"; };
		0C64F15E1CB93E3A00495383 /* PathAlg.swift */ = {isa = PBXFileReference; fileEncoding = 4; lastKnownFileType = sourcecode.swift; path = PathAlg.swift; sourceTree = "<group>"; };
		0C68074B2757A8F0006B2AD3 /* GensByDeg.swift */ = {isa = PBXFileReference; lastKnownFileType = sourcecode.swift; path = GensByDeg.swift; sourceTree = "<group>"; };
		0C68074D2757A979006B2AD3 /* Relations.swift */ = {isa = PBXFileReference; lastKnownFileType = sourcecode.swift; path = Relations.swift; sourceTree = "<group>"; };
		0C68074F2757BD01006B2AD3 /* GenElement.swift */ = {isa = PBXFileReference; lastKnownFileType = sourcecode.swift; path = GenElement.swift; sourceTree = "<group>"; };
		0C78644C272EF1210006C212 /* BimodQ.swift */ = {isa = PBXFileReference; lastKnownFileType = sourcecode.swift; path = BimodQ.swift; sourceTree = "<group>"; };
		0C7E5DA31AF3D9D5003A425A /* D3.app */ = {isa = PBXFileReference; explicitFileType = wrapper.application; includeInIndex = 0; path = D3.app; sourceTree = BUILT_PRODUCTS_DIR; };
		0C7E5DC71AF3D9F7003A425A /* Icon.icns */ = {isa = PBXFileReference; lastKnownFileType = image.icns; path = Icon.icns; sourceTree = "<group>"; };
		0C7E5DC81AF3D9F7003A425A /* Info.plist */ = {isa = PBXFileReference; fileEncoding = 4; lastKnownFileType = text.plist.xml; path = Info.plist; sourceTree = "<group>"; };
		0C7E5E131AF3DA62003A425A /* Cocoa.framework */ = {isa = PBXFileReference; lastKnownFileType = wrapper.framework; name = Cocoa.framework; path = System/Library/Frameworks/Cocoa.framework; sourceTree = SDKROOT; };
		0C9FD964273D3D5B00520F26 /* Step_4_gen.swift */ = {isa = PBXFileReference; lastKnownFileType = sourcecode.swift; path = Step_4_gen.swift; sourceTree = "<group>"; };
		0C9FD966273D3EF800520F26 /* Gen.swift */ = {isa = PBXFileReference; lastKnownFileType = sourcecode.swift; path = Gen.swift; sourceTree = "<group>"; };
		0C9FD968273D408D00520F26 /* GenCreate.swift */ = {isa = PBXFileReference; lastKnownFileType = sourcecode.swift; path = GenCreate.swift; sourceTree = "<group>"; };
		0CBA8B83271C86CC00D3EC32 /* PMatrix.swift */ = {isa = PBXFileReference; lastKnownFileType = sourcecode.swift; path = PMatrix.swift; sourceTree = "<group>"; };
		0CBB0E271CC595B9007DC5F5 /* Way.swift */ = {isa = PBXFileReference; fileEncoding = 4; lastKnownFileType = sourcecode.swift; path = Way.swift; sourceTree = "<group>"; };
		0CC4916422BE2FD000AA5AF7 /* Step_0_check_alg.swift */ = {isa = PBXFileReference; lastKnownFileType = sourcecode.swift; path = Step_0_check_alg.swift; sourceTree = "<group>"; };
		0CCC4E2327394FD3004B90D3 /* Dim.swift */ = {isa = PBXFileReference; lastKnownFileType = sourcecode.swift; path = Dim.swift; sourceTree = "<group>"; };
		0CD46B222737FF0300329D2F /* Step_2_im.swift */ = {isa = PBXFileReference; lastKnownFileType = sourcecode.swift; path = Step_2_im.swift; sourceTree = "<group>"; };
		0CD46B24273800D600329D2F /* ImMatrix.swift */ = {isa = PBXFileReference; lastKnownFileType = sourcecode.swift; path = ImMatrix.swift; sourceTree = "<group>"; };
		0CD8969A27259AC100354CFE /* KoefIntMatrix.swift */ = {isa = PBXFileReference; fileEncoding = 4; lastKnownFileType = sourcecode.swift; path = KoefIntMatrix.swift; sourceTree = "<group>"; };
		0CD8969C27259C6400354CFE /* Utils.swift */ = {isa = PBXFileReference; fileEncoding = 4; lastKnownFileType = sourcecode.swift; path = Utils.swift; sourceTree = "<group>"; };
		0CD8A32D1E91BA6A00C1C32C /* AppDelegate.swift */ = {isa = PBXFileReference; fileEncoding = 4; lastKnownFileType = sourcecode.swift; path = AppDelegate.swift; sourceTree = "<group>"; };
		0CDC7BB127204380007CDA12 /* CheckDiff.swift */ = {isa = PBXFileReference; lastKnownFileType = sourcecode.swift; path = CheckDiff.swift; sourceTree = "<group>"; };
		0CDE65302709DCC500690C25 /* PElements.swift */ = {isa = PBXFileReference; fileEncoding = 4; lastKnownFileType = sourcecode.swift; path = PElements.swift; sourceTree = "<group>"; };
		0CE0DCF527526B5700AF7345 /* ShiftHH+e0.swift */ = {isa = PBXFileReference; lastKnownFileType = sourcecode.swift; path = "ShiftHH+e0.swift"; sourceTree = "<group>"; };
		0CE39F08274D156B00FDA14C /* ShiftHH+w00.swift */ = {isa = PBXFileReference; lastKnownFileType = sourcecode.swift; path = "ShiftHH+w00.swift"; sourceTree = "<group>"; };
		0CE39F0A274D319900FDA14C /* Shift+z1.swift */ = {isa = PBXFileReference; lastKnownFileType = sourcecode.swift; path = "Shift+z1.swift"; sourceTree = "<group>"; };
		0CE3A0E7276118040067E8F7 /* Step_8_tex.swift */ = {isa = PBXFileReference; lastKnownFileType = sourcecode.swift; path = Step_8_tex.swift; sourceTree = "<group>"; };
		0CE3A0E927611FF60067E8F7 /* RelationsTex.swift */ = {isa = PBXFileReference; lastKnownFileType = sourcecode.swift; path = RelationsTex.swift; sourceTree = "<group>"; };
		0CE560892743D7A500731394 /* Step_5_shift.swift */ = {isa = PBXFileReference; lastKnownFileType = sourcecode.swift; path = Step_5_shift.swift; sourceTree = "<group>"; };
		0CE5608E2743D8D900731394 /* ShiftHH.swift */ = {isa = PBXFileReference; lastKnownFileType = sourcecode.swift; path = ShiftHH.swift; sourceTree = "<group>"; };
		0CED162E2719A74200DD7385 /* CombArr.swift */ = {isa = PBXFileReference; lastKnownFileType = sourcecode.swift; path = CombArr.swift; sourceTree = "<group>"; };
		0CF52328271707540059CC1A /* Diff.swift */ = {isa = PBXFileReference; fileEncoding = 4; lastKnownFileType = sourcecode.swift; path = Diff.swift; sourceTree = "<group>"; };
		0CF52329271707540059CC1A /* Matrix.swift */ = {isa = PBXFileReference; fileEncoding = 4; lastKnownFileType = sourcecode.swift; path = Matrix.swift; sourceTree = "<group>"; };
		0CF5232C2717084D0059CC1A /* PrintUtils.swift */ = {isa = PBXFileReference; fileEncoding = 4; lastKnownFileType = sourcecode.swift; path = PrintUtils.swift; sourceTree = "<group>"; };
		0CF8657727593E2000B83A05 /* ShiftHH+q.swift */ = {isa = PBXFileReference; lastKnownFileType = sourcecode.swift; path = "ShiftHH+q.swift"; sourceTree = "<group>"; };
/* End PBXFileReference section */

/* Begin PBXFrameworksBuildPhase section */
		0C7E5DA01AF3D9D5003A425A /* Frameworks */ = {
			isa = PBXFrameworksBuildPhase;
			buildActionMask = 2147483647;
			files = (
				0C7E5E141AF3DA62003A425A /* Cocoa.framework in Frameworks */,
			);
			runOnlyForDeploymentPostprocessing = 0;
		};
/* End PBXFrameworksBuildPhase section */

/* Begin PBXGroup section */
		0C538FF7270495B000FB8DA8 /* Utils */ = {
			isa = PBXGroup;
			children = (
				0CCC4E2327394FD3004B90D3 /* Dim.swift */,
				0C9FD966273D3EF800520F26 /* Gen.swift */,
				0C9FD968273D408D00520F26 /* GenCreate.swift */,
				0C68074F2757BD01006B2AD3 /* GenElement.swift */,
				0C68074B2757A8F0006B2AD3 /* GensByDeg.swift */,
				0C538FF8270495B000FB8DA8 /* OutputFile.swift */,
				0CDE65302709DCC500690C25 /* PElements.swift */,
				0CBA8B83271C86CC00D3EC32 /* PMatrix.swift */,
				0CF5232C2717084D0059CC1A /* PrintUtils.swift */,
				0C68074D2757A979006B2AD3 /* Relations.swift */,
				0CE3A0E927611FF60067E8F7 /* RelationsTex.swift */,
				0CD8969C27259C6400354CFE /* Utils.swift */,
			);
			path = Utils;
			sourceTree = "<group>";
		};
		0C7E5D9A1AF3D9D5003A425A = {
			isa = PBXGroup;
			children = (
				0C7E5DC91AF3D9F7003A425A /* Source */,
				0C7E5DC61AF3D9F7003A425A /* Res */,
				0C7E5E151AF3DA72003A425A /* Frameworks */,
				0C7E5DA41AF3D9D5003A425A /* Products */,
			);
			sourceTree = "<group>";
		};
		0C7E5DA41AF3D9D5003A425A /* Products */ = {
			isa = PBXGroup;
			children = (
				0C7E5DA31AF3D9D5003A425A /* D3.app */,
			);
			name = Products;
			sourceTree = "<group>";
		};
		0C7E5DC61AF3D9F7003A425A /* Res */ = {
			isa = PBXGroup;
			children = (
				0C7E5DC71AF3D9F7003A425A /* Icon.icns */,
				0C7E5DC81AF3D9F7003A425A /* Info.plist */,
			);
			path = Res;
			sourceTree = "<group>";
		};
		0C7E5DC91AF3D9F7003A425A /* Source */ = {
			isa = PBXGroup;
			children = (
				0C7E5DDF1AF3D9F7003A425A /* PathAlg */,
				0CF52327271707540059CC1A /* Matrix */,
				0CE5608B2743D8BD00731394 /* ShiftHH */,
				0C538FF7270495B000FB8DA8 /* Utils */,
				0CD8A32D1E91BA6A00C1C32C /* AppDelegate.swift */,
				0C60C9291E34F78400F285AC /* RunCase.swift */,
				0CC4916422BE2FD000AA5AF7 /* Step_0_check_alg.swift */,
				0C473611272F1359005C113E /* Step_1_diff.swift */,
				0CD46B222737FF0300329D2F /* Step_2_im.swift */,
				0C25E978273FF34B003CC210 /* Step_3_rk.swift */,
				0C9FD964273D3D5B00520F26 /* Step_4_gen.swift */,
				0CE560892743D7A500731394 /* Step_5_shift.swift */,
				0C0D71DD2753AAF300A8C2D9 /* Step_6_comm.swift */,
				0C1345CC2755223D0061AB8F /* Step_7_mult.swift */,
				0CE3A0E7276118040067E8F7 /* Step_8_tex.swift */,
			);
			path = Source;
			sourceTree = "<group>";
		};
		0C7E5DDF1AF3D9F7003A425A /* PathAlg */ = {
			isa = PBXGroup;
			children = (
				0C64F15E1CB93E3A00495383 /* PathAlg.swift */,
				0CBB0E271CC595B9007DC5F5 /* Way.swift */,
				0C300DFE2711C07E008F3570 /* Tenzor.swift */,
				0C300E002711C1DA008F3570 /* Comb.swift */,
				0CED162E2719A74200DD7385 /* CombArr.swift */,
				0C0430FE2708843E0062DF73 /* Element.swift */,
				0C09653C270F110900CDA62E /* ElementArr.swift */,
				0C043100270885B40062DF73 /* NumInt.swift */,
			);
			path = PathAlg;
			sourceTree = "<group>";
		};
		0C7E5E151AF3DA72003A425A /* Frameworks */ = {
			isa = PBXGroup;
			children = (
				0C7E5E131AF3DA62003A425A /* Cocoa.framework */,
			);
			name = Frameworks;
			sourceTree = "<group>";
		};
		0CE5608B2743D8BD00731394 /* ShiftHH */ = {
			isa = PBXGroup;
			children = (
				0CE5608E2743D8D900731394 /* ShiftHH.swift */,
				0C56C8E8274BBF5000BE334D /* ShiftHH+c00.swift */,
				0CE0DCF527526B5700AF7345 /* ShiftHH+e0.swift */,
				0CF8657727593E2000B83A05 /* ShiftHH+q.swift */,
				0C2DA182274FC67E00955614 /* ShiftHH+u0.swift */,
				0CE39F08274D156B00FDA14C /* ShiftHH+w00.swift */,
				0C4431722758F3150071AB41 /* ShiftHH+x0.swift */,
				0C1D58ED274E88A200950198 /* ShiftHH+x00.swift */,
				0CE39F0A274D319900FDA14C /* Shift+z1.swift */,
			);
			path = ShiftHH;
			sourceTree = "<group>";
		};
		0CF52327271707540059CC1A /* Matrix */ = {
			isa = PBXGroup;
			children = (
				0C78644C272EF1210006C212 /* BimodQ.swift */,
				0CDC7BB127204380007CDA12 /* CheckDiff.swift */,
				0CF52328271707540059CC1A /* Diff.swift */,
				0CD46B24273800D600329D2F /* ImMatrix.swift */,
				0CD8969A27259AC100354CFE /* KoefIntMatrix.swift */,
				0CF52329271707540059CC1A /* Matrix.swift */,
			);
			path = Matrix;
			sourceTree = "<group>";
		};
/* End PBXGroup section */

/* Begin PBXNativeTarget section */
		0C7E5DA21AF3D9D5003A425A /* D3 */ = {
			isa = PBXNativeTarget;
			buildConfigurationList = 0C7E5DC01AF3D9D5003A425A /* Build configuration list for PBXNativeTarget "D3" */;
			buildPhases = (
				0C7E5D9F1AF3D9D5003A425A /* Sources */,
				0C7E5DA01AF3D9D5003A425A /* Frameworks */,
				0C7E5DA11AF3D9D5003A425A /* Resources */,
			);
			buildRules = (
			);
			dependencies = (
			);
			name = D3;
			productName = D3;
			productReference = 0C7E5DA31AF3D9D5003A425A /* D3.app */;
			productType = "com.apple.product-type.application";
		};
/* End PBXNativeTarget section */

/* Begin PBXProject section */
		0C7E5D9B1AF3D9D5003A425A /* Project object */ = {
			isa = PBXProject;
			attributes = {
				LastSwiftUpdateCheck = 0730;
				LastUpgradeCheck = 1120;
				TargetAttributes = {
					0C7E5DA21AF3D9D5003A425A = {
						CreatedOnToolsVersion = 6.3.1;
						LastSwiftMigration = 1000;
					};
				};
			};
			buildConfigurationList = 0C7E5D9E1AF3D9D5003A425A /* Build configuration list for PBXProject "D3" */;
			compatibilityVersion = "Xcode 3.2";
			developmentRegion = en;
			hasScannedForEncodings = 0;
			knownRegions = (
				en,
				Base,
			);
			mainGroup = 0C7E5D9A1AF3D9D5003A425A;
			productRefGroup = 0C7E5DA41AF3D9D5003A425A /* Products */;
			projectDirPath = "";
			projectRoot = "";
			targets = (
				0C7E5DA21AF3D9D5003A425A /* D3 */,
			);
		};
/* End PBXProject section */

/* Begin PBXResourcesBuildPhase section */
		0C7E5DA11AF3D9D5003A425A /* Resources */ = {
			isa = PBXResourcesBuildPhase;
			buildActionMask = 2147483647;
			files = (
				0C7E5DFB1AF3D9F7003A425A /* Icon.icns in Resources */,
			);
			runOnlyForDeploymentPostprocessing = 0;
		};
/* End PBXResourcesBuildPhase section */

/* Begin PBXSourcesBuildPhase section */
		0C7E5D9F1AF3D9D5003A425A /* Sources */ = {
			isa = PBXSourcesBuildPhase;
			buildActionMask = 2147483647;
			files = (
				0C09653D270F110900CDA62E /* ElementArr.swift in Sources */,
				0CBA8B84271C86CC00D3EC32 /* PMatrix.swift in Sources */,
				0CD8969B27259AC100354CFE /* KoefIntMatrix.swift in Sources */,
				0C64F15F1CB93E3A00495383 /* PathAlg.swift in Sources */,
				0C2DA183274FC67E00955614 /* ShiftHH+u0.swift in Sources */,
				0CE39F0B274D319900FDA14C /* Shift+z1.swift in Sources */,
				0CE3A0E8276118040067E8F7 /* Step_8_tex.swift in Sources */,
				0CD8969D27259C6400354CFE /* Utils.swift in Sources */,
				0C60C92A1E34F78400F285AC /* RunCase.swift in Sources */,
				0CD46B232737FF0300329D2F /* Step_2_im.swift in Sources */,
				0CED162F2719A74200DD7385 /* CombArr.swift in Sources */,
				0CCC4E2427394FD3004B90D3 /* Dim.swift in Sources */,
				0C78644D272EF1210006C212 /* BimodQ.swift in Sources */,
				0CE3A0EA27611FF60067E8F7 /* RelationsTex.swift in Sources */,
				0C1D58EE274E88A200950198 /* ShiftHH+x00.swift in Sources */,
				0C300E012711C1DA008F3570 /* Comb.swift in Sources */,
				0CF8657827593E2000B83A05 /* ShiftHH+q.swift in Sources */,
				0C56C8E9274BBF5000BE334D /* ShiftHH+c00.swift in Sources */,
				0C043101270885B40062DF73 /* NumInt.swift in Sources */,
				0C473612272F1359005C113E /* Step_1_diff.swift in Sources */,
				0CF5232A271707540059CC1A /* Diff.swift in Sources */,
				0C68074C2757A8F0006B2AD3 /* GensByDeg.swift in Sources */,
				0C1345CD2755223D0061AB8F /* Step_7_mult.swift in Sources */,
				0C538FF9270495B000FB8DA8 /* OutputFile.swift in Sources */,
				0C25E979273FF34B003CC210 /* Step_3_rk.swift in Sources */,
				0CC4916522BE2FD000AA5AF7 /* Step_0_check_alg.swift in Sources */,
				0C9FD965273D3D5B00520F26 /* Step_4_gen.swift in Sources */,
				0CE5608A2743D7A500731394 /* Step_5_shift.swift in Sources */,
				0CF5232D2717084D0059CC1A /* PrintUtils.swift in Sources */,
				0CBB0E281CC595B9007DC5F5 /* Way.swift in Sources */,
				0C300DFF2711C07E008F3570 /* Tenzor.swift in Sources */,
				0CE39F09274D156B00FDA14C /* ShiftHH+w00.swift in Sources */,
				0CDC7BB227204380007CDA12 /* CheckDiff.swift in Sources */,
				0CDE65312709DCC500690C25 /* PElements.swift in Sources */,
				0C4431732758F3150071AB41 /* ShiftHH+x0.swift in Sources */,
				0C68074E2757A979006B2AD3 /* Relations.swift in Sources */,
				0CD46B25273800D600329D2F /* ImMatrix.swift in Sources */,
				0C6807502757BD01006B2AD3 /* GenElement.swift in Sources */,
				0CF5232B271707540059CC1A /* Matrix.swift in Sources */,
				0CE5608F2743D8D900731394 /* ShiftHH.swift in Sources */,
				0C0D71DE2753AAF300A8C2D9 /* Step_6_comm.swift in Sources */,
				0C9FD969273D408D00520F26 /* GenCreate.swift in Sources */,
				0C0430FF2708843E0062DF73 /* Element.swift in Sources */,
				0CD8A32E1E91BA6A00C1C32C /* AppDelegate.swift in Sources */,
				0C9FD967273D3EF800520F26 /* Gen.swift in Sources */,
				0CE0DCF627526B5700AF7345 /* ShiftHH+e0.swift in Sources */,
			);
			runOnlyForDeploymentPostprocessing = 0;
		};
/* End PBXSourcesBuildPhase section */

/* Begin XCBuildConfiguration section */
		0C7E5DBE1AF3D9D5003A425A /* Debug */ = {
			isa = XCBuildConfiguration;
			buildSettings = {
				ALWAYS_SEARCH_USER_PATHS = NO;
				CLANG_ANALYZER_LOCALIZABILITY_NONLOCALIZED = YES;
				CLANG_ENABLE_OBJC_ARC = YES;
				CLANG_WARN_BLOCK_CAPTURE_AUTORELEASING = YES;
				CLANG_WARN_BOOL_CONVERSION = YES;
				CLANG_WARN_COMMA = YES;
				CLANG_WARN_CONSTANT_CONVERSION = YES;
				CLANG_WARN_DEPRECATED_OBJC_IMPLEMENTATIONS = YES;
				CLANG_WARN_DIRECT_OBJC_ISA_USAGE = YES_ERROR;
				CLANG_WARN_EMPTY_BODY = YES;
				CLANG_WARN_ENUM_CONVERSION = YES;
				CLANG_WARN_INFINITE_RECURSION = YES;
				CLANG_WARN_INT_CONVERSION = YES;
				CLANG_WARN_NON_LITERAL_NULL_CONVERSION = YES;
				CLANG_WARN_OBJC_IMPLICIT_RETAIN_SELF = YES;
				CLANG_WARN_OBJC_LITERAL_CONVERSION = YES;
				CLANG_WARN_OBJC_ROOT_CLASS = YES_ERROR;
				CLANG_WARN_RANGE_LOOP_ANALYSIS = YES;
				CLANG_WARN_STRICT_PROTOTYPES = YES;
				CLANG_WARN_SUSPICIOUS_MOVE = YES;
				CLANG_WARN_UNREACHABLE_CODE = YES;
				CLANG_WARN__DUPLICATE_METHOD_MATCH = YES;
				CODE_SIGN_IDENTITY = "-";
				COPY_PHASE_STRIP = NO;
				ENABLE_STRICT_OBJC_MSGSEND = YES;
				ENABLE_TESTABILITY = YES;
				GCC_DYNAMIC_NO_PIC = NO;
				GCC_NO_COMMON_BLOCKS = YES;
				GCC_OPTIMIZATION_LEVEL = 1;
				GCC_SYMBOLS_PRIVATE_EXTERN = NO;
				GCC_WARN_64_TO_32_BIT_CONVERSION = YES;
				GCC_WARN_ABOUT_DEPRECATED_FUNCTIONS = NO;
				GCC_WARN_ABOUT_RETURN_TYPE = YES_ERROR;
				GCC_WARN_UNDECLARED_SELECTOR = YES;
				GCC_WARN_UNINITIALIZED_AUTOS = YES_AGGRESSIVE;
				GCC_WARN_UNUSED_FUNCTION = YES;
				GCC_WARN_UNUSED_VARIABLE = NO;
				MACOSX_DEPLOYMENT_TARGET = 10.14;
				ONLY_ACTIVE_ARCH = YES;
				SDKROOT = macosx;
				SWIFT_OPTIMIZATION_LEVEL = "-Onone";
				SWIFT_VERSION = 5.0;
			};
			name = Debug;
		};
		0C7E5DBF1AF3D9D5003A425A /* Release */ = {
			isa = XCBuildConfiguration;
			buildSettings = {
				ALWAYS_SEARCH_USER_PATHS = NO;
				CLANG_ANALYZER_LOCALIZABILITY_NONLOCALIZED = YES;
				CLANG_ENABLE_OBJC_ARC = YES;
				CLANG_WARN_BLOCK_CAPTURE_AUTORELEASING = YES;
				CLANG_WARN_BOOL_CONVERSION = YES;
				CLANG_WARN_COMMA = YES;
				CLANG_WARN_CONSTANT_CONVERSION = YES;
				CLANG_WARN_DEPRECATED_OBJC_IMPLEMENTATIONS = YES;
				CLANG_WARN_DIRECT_OBJC_ISA_USAGE = YES_ERROR;
				CLANG_WARN_EMPTY_BODY = YES;
				CLANG_WARN_ENUM_CONVERSION = YES;
				CLANG_WARN_INFINITE_RECURSION = YES;
				CLANG_WARN_INT_CONVERSION = YES;
				CLANG_WARN_NON_LITERAL_NULL_CONVERSION = YES;
				CLANG_WARN_OBJC_IMPLICIT_RETAIN_SELF = YES;
				CLANG_WARN_OBJC_LITERAL_CONVERSION = YES;
				CLANG_WARN_OBJC_ROOT_CLASS = YES_ERROR;
				CLANG_WARN_RANGE_LOOP_ANALYSIS = YES;
				CLANG_WARN_STRICT_PROTOTYPES = YES;
				CLANG_WARN_SUSPICIOUS_MOVE = YES;
				CLANG_WARN_UNREACHABLE_CODE = YES;
				CLANG_WARN__DUPLICATE_METHOD_MATCH = YES;
				CODE_SIGN_IDENTITY = "-";
				COPY_PHASE_STRIP = NO;
				ENABLE_STRICT_OBJC_MSGSEND = YES;
				GCC_NO_COMMON_BLOCKS = YES;
				GCC_OPTIMIZATION_LEVEL = 1;
				GCC_WARN_64_TO_32_BIT_CONVERSION = YES;
				GCC_WARN_ABOUT_DEPRECATED_FUNCTIONS = NO;
				GCC_WARN_ABOUT_RETURN_TYPE = YES_ERROR;
				GCC_WARN_UNDECLARED_SELECTOR = YES;
				GCC_WARN_UNINITIALIZED_AUTOS = YES_AGGRESSIVE;
				GCC_WARN_UNUSED_FUNCTION = YES;
				GCC_WARN_UNUSED_VARIABLE = NO;
				MACOSX_DEPLOYMENT_TARGET = 10.14;
				ONLY_ACTIVE_ARCH = YES;
				SDKROOT = macosx;
				SWIFT_OPTIMIZATION_LEVEL = "-Owholemodule";
				SWIFT_VERSION = 5.0;
			};
			name = Release;
		};
		0C7E5DC11AF3D9D5003A425A /* Debug */ = {
			isa = XCBuildConfiguration;
			buildSettings = {
				CODE_SIGN_IDENTITY = "-";
				INFOPLIST_FILE = Res/Info.plist;
				LD_RUNPATH_SEARCH_PATHS = "$(inherited) @executable_path/../Frameworks";
				PRODUCT_BUNDLE_IDENTIFIER = "com.test.$(PRODUCT_NAME:rfc1034identifier)";
				PRODUCT_NAME = "$(TARGET_NAME)";
			};
			name = Debug;
		};
		0C7E5DC21AF3D9D5003A425A /* Release */ = {
			isa = XCBuildConfiguration;
			buildSettings = {
				CODE_SIGN_IDENTITY = "-";
				INFOPLIST_FILE = Res/Info.plist;
				LD_RUNPATH_SEARCH_PATHS = "$(inherited) @executable_path/../Frameworks";
				PRODUCT_BUNDLE_IDENTIFIER = "com.test.$(PRODUCT_NAME:rfc1034identifier)";
				PRODUCT_NAME = "$(TARGET_NAME)";
			};
			name = Release;
		};
/* End XCBuildConfiguration section */

/* Begin XCConfigurationList section */
		0C7E5D9E1AF3D9D5003A425A /* Build configuration list for PBXProject "D3" */ = {
			isa = XCConfigurationList;
			buildConfigurations = (
				0C7E5DBE1AF3D9D5003A425A /* Debug */,
				0C7E5DBF1AF3D9D5003A425A /* Release */,
			);
			defaultConfigurationIsVisible = 0;
			defaultConfigurationName = Release;
		};
		0C7E5DC01AF3D9D5003A425A /* Build configuration list for PBXNativeTarget "D3" */ = {
			isa = XCConfigurationList;
			buildConfigurations = (
				0C7E5DC11AF3D9D5003A425A /* Debug */,
				0C7E5DC21AF3D9D5003A425A /* Release */,
			);
			defaultConfigurationIsVisible = 0;
			defaultConfigurationName = Release;
		};
/* End XCConfigurationList section */
	};
	rootObject = 0C7E5D9B1AF3D9D5003A425A /* Project object */;
}
